// !$*UTF8*$!
{
	archiveVersion = 1;
	classes = {
	};
	objectVersion = 48;
	objects = {

/* Begin PBXBuildFile section */
		76351686209A71EA00B790A8 /* AppDelegate.swift in Sources */ = {isa = PBXBuildFile; fileRef = 76351685209A71EA00B790A8 /* AppDelegate.swift */; };
		7635168B209A71EA00B790A8 /* Main.storyboard in Resources */ = {isa = PBXBuildFile; fileRef = 76351689209A71EA00B790A8 /* Main.storyboard */; };
		7635168D209A71EA00B790A8 /* Assets.xcassets in Resources */ = {isa = PBXBuildFile; fileRef = 7635168C209A71EA00B790A8 /* Assets.xcassets */; };
		76351690209A71EA00B790A8 /* LaunchScreen.storyboard in Resources */ = {isa = PBXBuildFile; fileRef = 7635168E209A71EA00B790A8 /* LaunchScreen.storyboard */; };
		7635169B209A71EA00B790A8 /* HomepwnerTests.swift in Sources */ = {isa = PBXBuildFile; fileRef = 7635169A209A71EA00B790A8 /* HomepwnerTests.swift */; };
		763516A6209A71EA00B790A8 /* HomepwnerUITests.swift in Sources */ = {isa = PBXBuildFile; fileRef = 763516A5209A71EA00B790A8 /* HomepwnerUITests.swift */; };
		763516B4209A731100B790A8 /* ItemsViewController.swift in Sources */ = {isa = PBXBuildFile; fileRef = 763516B3209A731100B790A8 /* ItemsViewController.swift */; };
		763516B6209A75CE00B790A8 /* Item.swift in Sources */ = {isa = PBXBuildFile; fileRef = 763516B5209A75CE00B790A8 /* Item.swift */; };
/* End PBXBuildFile section */

/* Begin PBXContainerItemProxy section */
		76351697209A71EA00B790A8 /* PBXContainerItemProxy */ = {
			isa = PBXContainerItemProxy;
			containerPortal = 7635167A209A71EA00B790A8 /* Project object */;
			proxyType = 1;
			remoteGlobalIDString = 76351681209A71EA00B790A8;
			remoteInfo = Homepwner;
		};
		763516A2209A71EA00B790A8 /* PBXContainerItemProxy */ = {
			isa = PBXContainerItemProxy;
			containerPortal = 7635167A209A71EA00B790A8 /* Project object */;
			proxyType = 1;
			remoteGlobalIDString = 76351681209A71EA00B790A8;
			remoteInfo = Homepwner;
		};
/* End PBXContainerItemProxy section */

/* Begin PBXFileReference section */
		76351682209A71EA00B790A8 /* Homepwner.app */ = {isa = PBXFileReference; explicitFileType = wrapper.application; includeInIndex = 0; path = Homepwner.app; sourceTree = BUILT_PRODUCTS_DIR; };
		76351685209A71EA00B790A8 /* AppDelegate.swift */ = {isa = PBXFileReference; lastKnownFileType = sourcecode.swift; path = AppDelegate.swift; sourceTree = "<group>"; };
		7635168A209A71EA00B790A8 /* Base */ = {isa = PBXFileReference; lastKnownFileType = file.storyboard; name = Base; path = Base.lproj/Main.storyboard; sourceTree = "<group>"; };
		7635168C209A71EA00B790A8 /* Assets.xcassets */ = {isa = PBXFileReference; lastKnownFileType = folder.assetcatalog; path = Assets.xcassets; sourceTree = "<group>"; };
		7635168F209A71EA00B790A8 /* Base */ = {isa = PBXFileReference; lastKnownFileType = file.storyboard; name = Base; path = Base.lproj/LaunchScreen.storyboard; sourceTree = "<group>"; };
		76351691209A71EA00B790A8 /* Info.plist */ = {isa = PBXFileReference; lastKnownFileType = text.plist.xml; path = Info.plist; sourceTree = "<group>"; };
		76351696209A71EA00B790A8 /* HomepwnerTests.xctest */ = {isa = PBXFileReference; explicitFileType = wrapper.cfbundle; includeInIndex = 0; path = HomepwnerTests.xctest; sourceTree = BUILT_PRODUCTS_DIR; };
		7635169A209A71EA00B790A8 /* HomepwnerTests.swift */ = {isa = PBXFileReference; lastKnownFileType = sourcecode.swift; path = HomepwnerTests.swift; sourceTree = "<group>"; };
		7635169C209A71EA00B790A8 /* Info.plist */ = {isa = PBXFileReference; lastKnownFileType = text.plist.xml; path = Info.plist; sourceTree = "<group>"; };
		763516A1209A71EA00B790A8 /* HomepwnerUITests.xctest */ = {isa = PBXFileReference; explicitFileType = wrapper.cfbundle; includeInIndex = 0; path = HomepwnerUITests.xctest; sourceTree = BUILT_PRODUCTS_DIR; };
		763516A5209A71EA00B790A8 /* HomepwnerUITests.swift */ = {isa = PBXFileReference; lastKnownFileType = sourcecode.swift; path = HomepwnerUITests.swift; sourceTree = "<group>"; };
		763516A7209A71EA00B790A8 /* Info.plist */ = {isa = PBXFileReference; lastKnownFileType = text.plist.xml; path = Info.plist; sourceTree = "<group>"; };
		763516B3209A731100B790A8 /* ItemsViewController.swift */ = {isa = PBXFileReference; lastKnownFileType = sourcecode.swift; path = ItemsViewController.swift; sourceTree = "<group>"; };
		763516B5209A75CE00B790A8 /* Item.swift */ = {isa = PBXFileReference; lastKnownFileType = sourcecode.swift; path = Item.swift; sourceTree = "<group>"; };
/* End PBXFileReference section */

/* Begin PBXFrameworksBuildPhase section */
		7635167F209A71EA00B790A8 /* Frameworks */ = {
			isa = PBXFrameworksBuildPhase;
			buildActionMask = 2147483647;
			files = (
			);
			runOnlyForDeploymentPostprocessing = 0;
		};
		76351693209A71EA00B790A8 /* Frameworks */ = {
			isa = PBXFrameworksBuildPhase;
			buildActionMask = 2147483647;
			files = (
			);
			runOnlyForDeploymentPostprocessing = 0;
		};
		7635169E209A71EA00B790A8 /* Frameworks */ = {
			isa = PBXFrameworksBuildPhase;
			buildActionMask = 2147483647;
			files = (
			);
			runOnlyForDeploymentPostprocessing = 0;
		};
/* End PBXFrameworksBuildPhase section */

/* Begin PBXGroup section */
		76351679209A71EA00B790A8 = {
			isa = PBXGroup;
			children = (
				76351684209A71EA00B790A8 /* Homepwner */,
				76351699209A71EA00B790A8 /* HomepwnerTests */,
				763516A4209A71EA00B790A8 /* HomepwnerUITests */,
				76351683209A71EA00B790A8 /* Products */,
			);
			sourceTree = "<group>";
		};
		76351683209A71EA00B790A8 /* Products */ = {
			isa = PBXGroup;
			children = (
				76351682209A71EA00B790A8 /* Homepwner.app */,
				76351696209A71EA00B790A8 /* HomepwnerTests.xctest */,
				763516A1209A71EA00B790A8 /* HomepwnerUITests.xctest */,
			);
			name = Products;
			sourceTree = "<group>";
		};
		76351684209A71EA00B790A8 /* Homepwner */ = {
			isa = PBXGroup;
			children = (
				76351685209A71EA00B790A8 /* AppDelegate.swift */,
				763516B3209A731100B790A8 /* ItemsViewController.swift */,
				763516B5209A75CE00B790A8 /* Item.swift */,
				76351689209A71EA00B790A8 /* Main.storyboard */,
				7635168C209A71EA00B790A8 /* Assets.xcassets */,
				7635168E209A71EA00B790A8 /* LaunchScreen.storyboard */,
				76351691209A71EA00B790A8 /* Info.plist */,
			);
			path = Homepwner;
			sourceTree = "<group>";
		};
		76351699209A71EA00B790A8 /* HomepwnerTests */ = {
			isa = PBXGroup;
			children = (
				7635169A209A71EA00B790A8 /* HomepwnerTests.swift */,
				7635169C209A71EA00B790A8 /* Info.plist */,
			);
			path = HomepwnerTests;
			sourceTree = "<group>";
		};
		763516A4209A71EA00B790A8 /* HomepwnerUITests */ = {
			isa = PBXGroup;
			children = (
				763516A5209A71EA00B790A8 /* HomepwnerUITests.swift */,
				763516A7209A71EA00B790A8 /* Info.plist */,
			);
			path = HomepwnerUITests;
			sourceTree = "<group>";
		};
/* End PBXGroup section */

/* Begin PBXNativeTarget section */
		76351681209A71EA00B790A8 /* Homepwner */ = {
			isa = PBXNativeTarget;
			buildConfigurationList = 763516AA209A71EA00B790A8 /* Build configuration list for PBXNativeTarget "Homepwner" */;
			buildPhases = (
				7635167E209A71EA00B790A8 /* Sources */,
				7635167F209A71EA00B790A8 /* Frameworks */,
				76351680209A71EA00B790A8 /* Resources */,
			);
			buildRules = (
			);
			dependencies = (
			);
			name = Homepwner;
			productName = Homepwner;
			productReference = 76351682209A71EA00B790A8 /* Homepwner.app */;
			productType = "com.apple.product-type.application";
		};
		76351695209A71EA00B790A8 /* HomepwnerTests */ = {
			isa = PBXNativeTarget;
			buildConfigurationList = 763516AD209A71EA00B790A8 /* Build configuration list for PBXNativeTarget "HomepwnerTests" */;
			buildPhases = (
				76351692209A71EA00B790A8 /* Sources */,
				76351693209A71EA00B790A8 /* Frameworks */,
				76351694209A71EA00B790A8 /* Resources */,
			);
			buildRules = (
			);
			dependencies = (
				76351698209A71EA00B790A8 /* PBXTargetDependency */,
			);
			name = HomepwnerTests;
			productName = HomepwnerTests;
			productReference = 76351696209A71EA00B790A8 /* HomepwnerTests.xctest */;
			productType = "com.apple.product-type.bundle.unit-test";
		};
		763516A0209A71EA00B790A8 /* HomepwnerUITests */ = {
			isa = PBXNativeTarget;
			buildConfigurationList = 763516B0209A71EA00B790A8 /* Build configuration list for PBXNativeTarget "HomepwnerUITests" */;
			buildPhases = (
				7635169D209A71EA00B790A8 /* Sources */,
				7635169E209A71EA00B790A8 /* Frameworks */,
				7635169F209A71EA00B790A8 /* Resources */,
			);
			buildRules = (
			);
			dependencies = (
				763516A3209A71EA00B790A8 /* PBXTargetDependency */,
			);
			name = HomepwnerUITests;
			productName = HomepwnerUITests;
			productReference = 763516A1209A71EA00B790A8 /* HomepwnerUITests.xctest */;
			productType = "com.apple.product-type.bundle.ui-testing";
		};
/* End PBXNativeTarget section */

/* Begin PBXProject section */
		7635167A209A71EA00B790A8 /* Project object */ = {
			isa = PBXProject;
			attributes = {
				LastSwiftUpdateCheck = 0920;
				LastUpgradeCheck = 0920;
				ORGANIZATIONNAME = "Alberto Sánchez Bazán";
				TargetAttributes = {
					76351681209A71EA00B790A8 = {
						CreatedOnToolsVersion = 9.2;
						ProvisioningStyle = Automatic;
					};
					76351695209A71EA00B790A8 = {
						CreatedOnToolsVersion = 9.2;
						ProvisioningStyle = Automatic;
						TestTargetID = 76351681209A71EA00B790A8;
					};
					763516A0209A71EA00B790A8 = {
						CreatedOnToolsVersion = 9.2;
						ProvisioningStyle = Automatic;
						TestTargetID = 76351681209A71EA00B790A8;
					};
				};
			};
			buildConfigurationList = 7635167D209A71EA00B790A8 /* Build configuration list for PBXProject "Homepwner" */;
			compatibilityVersion = "Xcode 8.0";
			developmentRegion = en;
			hasScannedForEncodings = 0;
			knownRegions = (
				en,
				Base,
			);
			mainGroup = 76351679209A71EA00B790A8;
			productRefGroup = 76351683209A71EA00B790A8 /* Products */;
			projectDirPath = "";
			projectRoot = "";
			targets = (
				76351681209A71EA00B790A8 /* Homepwner */,
				76351695209A71EA00B790A8 /* HomepwnerTests */,
				763516A0209A71EA00B790A8 /* HomepwnerUITests */,
			);
		};
/* End PBXProject section */

/* Begin PBXResourcesBuildPhase section */
		76351680209A71EA00B790A8 /* Resources */ = {
			isa = PBXResourcesBuildPhase;
			buildActionMask = 2147483647;
			files = (
				76351690209A71EA00B790A8 /* LaunchScreen.storyboard in Resources */,
				7635168D209A71EA00B790A8 /* Assets.xcassets in Resources */,
				7635168B209A71EA00B790A8 /* Main.storyboard in Resources */,
			);
			runOnlyForDeploymentPostprocessing = 0;
		};
		76351694209A71EA00B790A8 /* Resources */ = {
			isa = PBXResourcesBuildPhase;
			buildActionMask = 2147483647;
			files = (
			);
			runOnlyForDeploymentPostprocessing = 0;
		};
		7635169F209A71EA00B790A8 /* Resources */ = {
			isa = PBXResourcesBuildPhase;
			buildActionMask = 2147483647;
			files = (
			);
			runOnlyForDeploymentPostprocessing = 0;
		};
/* End PBXResourcesBuildPhase section */

/* Begin PBXSourcesBuildPhase section */
		7635167E209A71EA00B790A8 /* Sources */ = {
			isa = PBXSourcesBuildPhase;
			buildActionMask = 2147483647;
			files = (
				763516B4209A731100B790A8 /* ItemsViewController.swift in Sources */,
				763516B6209A75CE00B790A8 /* Item.swift in Sources */,
				76351686209A71EA00B790A8 /* AppDelegate.swift in Sources */,
			);
			runOnlyForDeploymentPostprocessing = 0;
		};
		76351692209A71EA00B790A8 /* Sources */ = {
			isa = PBXSourcesBuildPhase;
			buildActionMask = 2147483647;
			files = (
				7635169B209A71EA00B790A8 /* HomepwnerTests.swift in Sources */,
			);
			runOnlyForDeploymentPostprocessing = 0;
		};
		7635169D209A71EA00B790A8 /* Sources */ = {
			isa = PBXSourcesBuildPhase;
			buildActionMask = 2147483647;
			files = (
				763516A6209A71EA00B790A8 /* HomepwnerUITests.swift in Sources */,
			);
			runOnlyForDeploymentPostprocessing = 0;
		};
/* End PBXSourcesBuildPhase section */

/* Begin PBXTargetDependency section */
		76351698209A71EA00B790A8 /* PBXTargetDependency */ = {
			isa = PBXTargetDependency;
			target = 76351681209A71EA00B790A8 /* Homepwner */;
			targetProxy = 76351697209A71EA00B790A8 /* PBXContainerItemProxy */;
		};
		763516A3209A71EA00B790A8 /* PBXTargetDependency */ = {
			isa = PBXTargetDependency;
			target = 76351681209A71EA00B790A8 /* Homepwner */;
			targetProxy = 763516A2209A71EA00B790A8 /* PBXContainerItemProxy */;
		};
/* End PBXTargetDependency section */

/* Begin PBXVariantGroup section */
		76351689209A71EA00B790A8 /* Main.storyboard */ = {
			isa = PBXVariantGroup;
			children = (
				7635168A209A71EA00B790A8 /* Base */,
			);
			name = Main.storyboard;
			sourceTree = "<group>";
		};
		7635168E209A71EA00B790A8 /* LaunchScreen.storyboard */ = {
			isa = PBXVariantGroup;
			children = (
				7635168F209A71EA00B790A8 /* Base */,
			);
			name = LaunchScreen.storyboard;
			sourceTree = "<group>";
		};
/* End PBXVariantGroup section */

/* Begin XCBuildConfiguration section */
		763516A8209A71EA00B790A8 /* Debug */ = {
			isa = XCBuildConfiguration;
			buildSettings = {
				ALWAYS_SEARCH_USER_PATHS = NO;
				CLANG_ANALYZER_NONNULL = YES;
				CLANG_ANALYZER_NUMBER_OBJECT_CONVERSION = YES_AGGRESSIVE;
				CLANG_CXX_LANGUAGE_STANDARD = "gnu++14";
				CLANG_CXX_LIBRARY = "libc++";
				CLANG_ENABLE_MODULES = YES;
				CLANG_ENABLE_OBJC_ARC = YES;
				CLANG_WARN_BLOCK_CAPTURE_AUTORELEASING = YES;
				CLANG_WARN_BOOL_CONVERSION = YES;
				CLANG_WARN_COMMA = YES;
				CLANG_WARN_CONSTANT_CONVERSION = YES;
				CLANG_WARN_DIRECT_OBJC_ISA_USAGE = YES_ERROR;
				CLANG_WARN_DOCUMENTATION_COMMENTS = YES;
				CLANG_WARN_EMPTY_BODY = YES;
				CLANG_WARN_ENUM_CONVERSION = YES;
				CLANG_WARN_INFINITE_RECURSION = YES;
				CLANG_WARN_INT_CONVERSION = YES;
				CLANG_WARN_NON_LITERAL_NULL_CONVERSION = YES;
				CLANG_WARN_OBJC_LITERAL_CONVERSION = YES;
				CLANG_WARN_OBJC_ROOT_CLASS = YES_ERROR;
				CLANG_WARN_RANGE_LOOP_ANALYSIS = YES;
				CLANG_WARN_STRICT_PROTOTYPES = YES;
				CLANG_WARN_SUSPICIOUS_MOVE = YES;
				CLANG_WARN_UNGUARDED_AVAILABILITY = YES_AGGRESSIVE;
				CLANG_WARN_UNREACHABLE_CODE = YES;
				CLANG_WARN__DUPLICATE_METHOD_MATCH = YES;
				CODE_SIGN_IDENTITY = "iPhone Developer";
				COPY_PHASE_STRIP = NO;
				DEBUG_INFORMATION_FORMAT = dwarf;
				ENABLE_STRICT_OBJC_MSGSEND = YES;
				ENABLE_TESTABILITY = YES;
				GCC_C_LANGUAGE_STANDARD = gnu11;
				GCC_DYNAMIC_NO_PIC = NO;
				GCC_NO_COMMON_BLOCKS = YES;
				GCC_OPTIMIZATION_LEVEL = 0;
				GCC_PREPROCESSOR_DEFINITIONS = (
					"DEBUG=1",
					"$(inherited)",
				);
				GCC_WARN_64_TO_32_BIT_CONVERSION = YES;
				GCC_WARN_ABOUT_RETURN_TYPE = YES_ERROR;
				GCC_WARN_UNDECLARED_SELECTOR = YES;
				GCC_WARN_UNINITIALIZED_AUTOS = YES_AGGRESSIVE;
				GCC_WARN_UNUSED_FUNCTION = YES;
				GCC_WARN_UNUSED_VARIABLE = YES;
				IPHONEOS_DEPLOYMENT_TARGET = 11.2;
				MTL_ENABLE_DEBUG_INFO = YES;
				ONLY_ACTIVE_ARCH = YES;
				SDKROOT = iphoneos;
				SWIFT_ACTIVE_COMPILATION_CONDITIONS = DEBUG;
				SWIFT_OPTIMIZATION_LEVEL = "-Onone";
			};
			name = Debug;
		};
		763516A9209A71EA00B790A8 /* Release */ = {
			isa = XCBuildConfiguration;
			buildSettings = {
				ALWAYS_SEARCH_USER_PATHS = NO;
				CLANG_ANALYZER_NONNULL = YES;
				CLANG_ANALYZER_NUMBER_OBJECT_CONVERSION = YES_AGGRESSIVE;
				CLANG_CXX_LANGUAGE_STANDARD = "gnu++14";
				CLANG_CXX_LIBRARY = "libc++";
				CLANG_ENABLE_MODULES = YES;
				CLANG_ENABLE_OBJC_ARC = YES;
				CLANG_WARN_BLOCK_CAPTURE_AUTORELEASING = YES;
				CLANG_WARN_BOOL_CONVERSION = YES;
				CLANG_WARN_COMMA = YES;
				CLANG_WARN_CONSTANT_CONVERSION = YES;
				CLANG_WARN_DIRECT_OBJC_ISA_USAGE = YES_ERROR;
				CLANG_WARN_DOCUMENTATION_COMMENTS = YES;
				CLANG_WARN_EMPTY_BODY = YES;
				CLANG_WARN_ENUM_CONVERSION = YES;
				CLANG_WARN_INFINITE_RECURSION = YES;
				CLANG_WARN_INT_CONVERSION = YES;
				CLANG_WARN_NON_LITERAL_NULL_CONVERSION = YES;
				CLANG_WARN_OBJC_LITERAL_CONVERSION = YES;
				CLANG_WARN_OBJC_ROOT_CLASS = YES_ERROR;
				CLANG_WARN_RANGE_LOOP_ANALYSIS = YES;
				CLANG_WARN_STRICT_PROTOTYPES = YES;
				CLANG_WARN_SUSPICIOUS_MOVE = YES;
				CLANG_WARN_UNGUARDED_AVAILABILITY = YES_AGGRESSIVE;
				CLANG_WARN_UNREACHABLE_CODE = YES;
				CLANG_WARN__DUPLICATE_METHOD_MATCH = YES;
				CODE_SIGN_IDENTITY = "iPhone Developer";
				COPY_PHASE_STRIP = NO;
				DEBUG_INFORMATION_FORMAT = "dwarf-with-dsym";
				ENABLE_NS_ASSERTIONS = NO;
				ENABLE_STRICT_OBJC_MSGSEND = YES;
				GCC_C_LANGUAGE_STANDARD = gnu11;
				GCC_NO_COMMON_BLOCKS = YES;
				GCC_WARN_64_TO_32_BIT_CONVERSION = YES;
				GCC_WARN_ABOUT_RETURN_TYPE = YES_ERROR;
				GCC_WARN_UNDECLARED_SELECTOR = YES;
				GCC_WARN_UNINITIALIZED_AUTOS = YES_AGGRESSIVE;
				GCC_WARN_UNUSED_FUNCTION = YES;
				GCC_WARN_UNUSED_VARIABLE = YES;
				IPHONEOS_DEPLOYMENT_TARGET = 11.2;
				MTL_ENABLE_DEBUG_INFO = NO;
				SDKROOT = iphoneos;
				SWIFT_OPTIMIZATION_LEVEL = "-Owholemodule";
				VALIDATE_PRODUCT = YES;
			};
			name = Release;
		};
		763516AB209A71EA00B790A8 /* Debug */ = {
			isa = XCBuildConfiguration;
			buildSettings = {
				ASSETCATALOG_COMPILER_APPICON_NAME = AppIcon;
				CODE_SIGN_STYLE = Automatic;
				INFOPLIST_FILE = Homepwner/Info.plist;
				LD_RUNPATH_SEARCH_PATHS = "$(inherited) @executable_path/Frameworks";
				PRODUCT_BUNDLE_IDENTIFIER = com.asb.Homepwner;
				PRODUCT_NAME = "$(TARGET_NAME)";
				SWIFT_VERSION = 4.0;
				TARGETED_DEVICE_FAMILY = "1,2";
			};
			name = Debug;
		};
		763516AC209A71EA00B790A8 /* Release */ = {
			isa = XCBuildConfiguration;
			buildSettings = {
				ASSETCATALOG_COMPILER_APPICON_NAME = AppIcon;
				CODE_SIGN_STYLE = Automatic;
				INFOPLIST_FILE = Homepwner/Info.plist;
				LD_RUNPATH_SEARCH_PATHS = "$(inherited) @executable_path/Frameworks";
				PRODUCT_BUNDLE_IDENTIFIER = com.asb.Homepwner;
				PRODUCT_NAME = "$(TARGET_NAME)";
				SWIFT_VERSION = 4.0;
				TARGETED_DEVICE_FAMILY = "1,2";
			};
			name = Release;
		};
		763516AE209A71EA00B790A8 /* Debug */ = {
			isa = XCBuildConfiguration;
			buildSettings = {
				ALWAYS_EMBED_SWIFT_STANDARD_LIBRARIES = YES;
				BUNDLE_LOADER = "$(TEST_HOST)";
				CODE_SIGN_STYLE = Automatic;
				INFOPLIST_FILE = HomepwnerTests/Info.plist;
				LD_RUNPATH_SEARCH_PATHS = "$(inherited) @executable_path/Frameworks @loader_path/Frameworks";
				PRODUCT_BUNDLE_IDENTIFIER = com.asb.HomepwnerTests;
				PRODUCT_NAME = "$(TARGET_NAME)";
				SWIFT_VERSION = 4.0;
				TARGETED_DEVICE_FAMILY = "1,2";
				TEST_HOST = "$(BUILT_PRODUCTS_DIR)/Homepwner.app/Homepwner";
			};
			name = Debug;
		};
		763516AF209A71EA00B790A8 /* Release */ = {
			isa = XCBuildConfiguration;
			buildSettings = {
				ALWAYS_EMBED_SWIFT_STANDARD_LIBRARIES = YES;
				BUNDLE_LOADER = "$(TEST_HOST)";
				CODE_SIGN_STYLE = Automatic;
				INFOPLIST_FILE = HomepwnerTests/Info.plist;
				LD_RUNPATH_SEARCH_PATHS = "$(inherited) @executable_path/Frameworks @loader_path/Frameworks";
				PRODUCT_BUNDLE_IDENTIFIER = com.asb.HomepwnerTests;
				PRODUCT_NAME = "$(TARGET_NAME)";
				SWIFT_VERSION = 4.0;
				TARGETED_DEVICE_FAMILY = "1,2";
				TEST_HOST = "$(BUILT_PRODUCTS_DIR)/Homepwner.app/Homepwner";
			};
			name = Release;
		};
		763516B1209A71EA00B790A8 /* Debug */ = {
			isa = XCBuildConfiguration;
			buildSettings = {
				ALWAYS_EMBED_SWIFT_STANDARD_LIBRARIES = YES;
				CODE_SIGN_STYLE = Automatic;
				INFOPLIST_FILE = HomepwnerUITests/Info.plist;
				LD_RUNPATH_SEARCH_PATHS = "$(inherited) @executable_path/Frameworks @loader_path/Frameworks";
				PRODUCT_BUNDLE_IDENTIFIER = com.asb.HomepwnerUITests;
				PRODUCT_NAME = "$(TARGET_NAME)";
				SWIFT_VERSION = 4.0;
				TARGETED_DEVICE_FAMILY = "1,2";
				TEST_TARGET_NAME = Homepwner;
			};
			name = Debug;
		};
		763516B2209A71EA00B790A8 /* Release */ = {
			isa = XCBuildConfiguration;
			buildSettings = {
				ALWAYS_EMBED_SWIFT_STANDARD_LIBRARIES = YES;
				CODE_SIGN_STYLE = Automatic;
				INFOPLIST_FILE = HomepwnerUITests/Info.plist;
				LD_RUNPATH_SEARCH_PATHS = "$(inherited) @executable_path/Frameworks @loader_path/Frameworks";
				PRODUCT_BUNDLE_IDENTIFIER = com.asb.HomepwnerUITests;
				PRODUCT_NAME = "$(TARGET_NAME)";
				SWIFT_VERSION = 4.0;
				TARGETED_DEVICE_FAMILY = "1,2";
				TEST_TARGET_NAME = Homepwner;
			};
			name = Release;
		};
/* End XCBuildConfiguration section */

/* Begin XCConfigurationList section */
		7635167D209A71EA00B790A8 /* Build configuration list for PBXProject "Homepwner" */ = {
			isa = XCConfigurationList;
			buildConfigurations = (
				763516A8209A71EA00B790A8 /* Debug */,
				763516A9209A71EA00B790A8 /* Release */,
			);
			defaultConfigurationIsVisible = 0;
			defaultConfigurationName = Release;
		};
		763516AA209A71EA00B790A8 /* Build configuration list for PBXNativeTarget "Homepwner" */ = {
			isa = XCConfigurationList;
			buildConfigurations = (
				763516AB209A71EA00B790A8 /* Debug */,
				763516AC209A71EA00B790A8 /* Release */,
			);
			defaultConfigurationIsVisible = 0;
			defaultConfigurationName = Release;
		};
		763516AD209A71EA00B790A8 /* Build configuration list for PBXNativeTarget "HomepwnerTests" */ = {
			isa = XCConfigurationList;
			buildConfigurations = (
				763516AE209A71EA00B790A8 /* Debug */,
				763516AF209A71EA00B790A8 /* Release */,
			);
			defaultConfigurationIsVisible = 0;
			defaultConfigurationName = Release;
		};
		763516B0209A71EA00B790A8 /* Build configuration list for PBXNativeTarget "HomepwnerUITests" */ = {
			isa = XCConfigurationList;
			buildConfigurations = (
				763516B1209A71EA00B790A8 /* Debug */,
				763516B2209A71EA00B790A8 /* Release */,
			);
			defaultConfigurationIsVisible = 0;
			defaultConfigurationName = Release;
		};
/* End XCConfigurationList section */
	};
	rootObject = 7635167A209A71EA00B790A8 /* Project object */;
}
